
Microsoft Visual Studio Solution File, Format Version 12.00
# Visual Studio Version 17
VisualStudioVersion = 17.2.32516.85
MinimumVisualStudioVersion = 10.0.40219.1
Project("{FAE04EC0-301F-11D3-BF4B-00C04F79EFBC}") = "ToDoListApi", "ToDoListApi\ToDoListApi.csproj", "{A48D8A2F-3A72-47F8-AD74-5B105FECE8E8}"
EndProject
Global
	GlobalSection(SolutionConfigurationPlatforms) = preSolution
		Debug|Any CPU = Debug|Any CPU
		Release|Any CPU = Release|Any CPU
	EndGlobalSection
	GlobalSection(ProjectConfigurationPlatforms) = postSolution
		{A48D8A2F-3A72-47F8-AD74-5B105FECE8E8}.Debug|Any CPU.ActiveCfg = Debug|Any CPU
		{A48D8A2F-3A72-47F8-AD74-5B105FECE8E8}.Debug|Any CPU.Build.0 = Debug|Any CPU
		{A48D8A2F-3A72-47F8-AD74-5B105FECE8E8}.Release|Any CPU.ActiveCfg = Release|Any CPU
		{A48D8A2F-3A72-47F8-AD74-5B105FECE8E8}.Release|Any CPU.Build.0 = Release|Any CPU
	EndGlobalSection
	GlobalSection(SolutionProperties) = preSolution
		HideSolutionNode = FALSE
	EndGlobalSection
	GlobalSection(ExtensibilityGlobals) = postSolution
		SolutionGuid = {DE2BD181-0D71-486C-B49A-FE6CB813E82C}
	EndGlobalSection
EndGlobal
